# harness.lock: what this repository copied from diegoami/harness_imperial (profile review).
# A bump: move this file and every file it lists aside, run adopt.mjs at the new commit,
# then carry your changes to the adapted files (and any other) over to the new copies.
# Verify:  grep -E '^[0-9a-f]{64}  ' harness.lock | sha256sum -c --quiet
commit 3af53940c6b9dc092e71bf919882c018a31d3c04
profile review
copied 2026-10-04
adapt CLAUDE.md
9266a2c2068b88c392fa92623563fc2317a6ee687a3f7ad5db4ee2625db105f1  tools/harness/review.mjs
8b8ba70c1820463240c3a9866616c05092b33b53de4dcd2ebe7f8c0b089969fe  tools/harness/switch-model.mjs
b805800c2e945a2b924ce4e13bfba684f624acf045193f63003ae0276be853ac  tools/harness/lib/opencode.mjs
41ade10704eb959a79815b38dd4764a95337850058f2f8c81dc3e074dc3e0798  tools/harness/lib/chain.mjs
63575d2c773898083ae479342c19422603304d54d45211e67779030448b0e664  tools/harness/lib/common.mjs
7d0ee40ee7706ba9209747b9335c133e15e6443b8eebba311ebb41c15f5d382d  tools/harness/lib/post.mjs
1298334b7b52bcc72b949a576f33ee1aa0fe162c6693938f8e9cab7de4acf4ce  tools/harness/lib/review-selftest.mjs
07d110855c842088500aa775e506197b287cfbc725709b09242171bdfe1372a2  tools/harness/lib/switch.mjs
9d0ed40ffb127d21ac782de4f854b89a2ec08782a1517539b67c70f16163c5d0  .opencode/agents/reviewer.md
df1f907081ab042bb7d284348b33411b696449e6162a4499718c0edc1321bfa3  docs/review.md
dfccb4997d56aca25b0d1012783b6e6c9d95293f748a178e509ef7b3381d757b  docs/environment.md
c370e578ce21c02be7bde9f91b41ec1859b8ea2cd806b6d643b53855134fa275  harness.json
